
Microsoft Visual Studio Solution File, Format Version 12.00
# Visual Studio Version 17
VisualStudioVersion = 17.14.36017.23 d17.14
MinimumVisualStudioVersion = 10.0.40219.1
Project("{8BC9CEB8-8B4A-11D0-8D11-00A0C91BC942}") = "CUDA-BruteForce", "CUDA-BruteForce\CUDA-BruteForce.vcxproj", "{03AFE9E7-DAEA-46B3-B569-88AD05A2AD88}"
EndProject
Global
	GlobalSection(SolutionConfigurationPlatforms) = preSolution
		Debug|x64 = Debug|x64
		Release|x64 = Release|x64
	EndGlobalSection
	GlobalSection(ProjectConfigurationPlatforms) = postSolution
		{03AFE9E7-DAEA-46B3-B569-88AD05A2AD88}.Debug|x64.ActiveCfg = Debug|x64
		{03AFE9E7-DAEA-46B3-B569-88AD05A2AD88}.Debug|x64.Build.0 = Debug|x64
		{03AFE9E7-DAEA-46B3-B569-88AD05A2AD88}.Release|x64.ActiveCfg = Release|x64
		{03AFE9E7-DAEA-46B3-B569-88AD05A2AD88}.Release|x64.Build.0 = Release|x64
	EndGlobalSection
	GlobalSection(SolutionProperties) = preSolution
		HideSolutionNode = FALSE
	EndGlobalSection
	GlobalSection(ExtensibilityGlobals) = postSolution
		SolutionGuid = {91444523-1EB2-4D51-BE41-CECFCF603E40}
	EndGlobalSection
EndGlobal
